
Microsoft Visual Studio Solution File, Format Version 12.00
# Visual Studio Version 17
VisualStudioVersion = 17.14.36310.24
MinimumVisualStudioVersion = 10.0.40219.1
Project("{2150E333-8FDC-42A3-9474-1A3956D46DE8}") = "src", "src", "{827E0CD3-B72D-47B6-A68D-7590B98EB39B}"
EndProject
Project("{FAE04EC0-301F-11D3-BF4B-00C04F79EFBC}") = "EShop.Domain", "src\EShop.Domain\EShop.Domain.csproj", "{CDB40E75-8C51-4C9A-9B87-01FF02095A55}"
EndProject
Project("{FAE04EC0-301F-11D3-BF4B-00C04F79EFBC}") = "EShop.UI", "src\EShop.UI\EShop.UI.csproj", "{FDFE0C42-2BF6-4BE5-8CE1-DA4008C14E46}"
EndProject
Project("{FAE04EC0-301F-11D3-BF4B-00C04F79EFBC}") = "EShop.Application", "src\EShop.Application\EShop.Application.csproj", "{3BE43B05-083B-4DB1-853E-B93FB0002B32}"
EndProject
Global
	GlobalSection(SolutionConfigurationPlatforms) = preSolution
		Debug|Any CPU = Debug|Any CPU
		Debug|x64 = Debug|x64
		Debug|x86 = Debug|x86
		Release|Any CPU = Release|Any CPU
		Release|x64 = Release|x64
		Release|x86 = Release|x86
	EndGlobalSection
	GlobalSection(ProjectConfigurationPlatforms) = postSolution
		{CDB40E75-8C51-4C9A-9B87-01FF02095A55}.Debug|Any CPU.ActiveCfg = Debug|Any CPU
		{CDB40E75-8C51-4C9A-9B87-01FF02095A55}.Debug|Any CPU.Build.0 = Debug|Any CPU
		{CDB40E75-8C51-4C9A-9B87-01FF02095A55}.Debug|x64.ActiveCfg = Debug|Any CPU
		{CDB40E75-8C51-4C9A-9B87-01FF02095A55}.Debug|x64.Build.0 = Debug|Any CPU
		{CDB40E75-8C51-4C9A-9B87-01FF02095A55}.Debug|x86.ActiveCfg = Debug|Any CPU
		{CDB40E75-8C51-4C9A-9B87-01FF02095A55}.Debug|x86.Build.0 = Debug|Any CPU
		{CDB40E75-8C51-4C9A-9B87-01FF02095A55}.Release|Any CPU.ActiveCfg = Release|Any CPU
		{CDB40E75-8C51-4C9A-9B87-01FF02095A55}.Release|Any CPU.Build.0 = Release|Any CPU
		{CDB40E75-8C51-4C9A-9B87-01FF02095A55}.Release|x64.ActiveCfg = Release|Any CPU
		{CDB40E75-8C51-4C9A-9B87-01FF02095A55}.Release|x64.Build.0 = Release|Any CPU
		{CDB40E75-8C51-4C9A-9B87-01FF02095A55}.Release|x86.ActiveCfg = Release|Any CPU
		{CDB40E75-8C51-4C9A-9B87-01FF02095A55}.Release|x86.Build.0 = Release|Any CPU
		{FDFE0C42-2BF6-4BE5-8CE1-DA4008C14E46}.Debug|Any CPU.ActiveCfg = Debug|Any CPU
		{FDFE0C42-2BF6-4BE5-8CE1-DA4008C14E46}.Debug|Any CPU.Build.0 = Debug|Any CPU
		{FDFE0C42-2BF6-4BE5-8CE1-DA4008C14E46}.Debug|x64.ActiveCfg = Debug|Any CPU
		{FDFE0C42-2BF6-4BE5-8CE1-DA4008C14E46}.Debug|x64.Build.0 = Debug|Any CPU
		{FDFE0C42-2BF6-4BE5-8CE1-DA4008C14E46}.Debug|x86.ActiveCfg = Debug|Any CPU
		{FDFE0C42-2BF6-4BE5-8CE1-DA4008C14E46}.Debug|x86.Build.0 = Debug|Any CPU
		{FDFE0C42-2BF6-4BE5-8CE1-DA4008C14E46}.Release|Any CPU.ActiveCfg = Release|Any CPU
		{FDFE0C42-2BF6-4BE5-8CE1-DA4008C14E46}.Release|Any CPU.Build.0 = Release|Any CPU
		{FDFE0C42-2BF6-4BE5-8CE1-DA4008C14E46}.Release|x64.ActiveCfg = Release|Any CPU
		{FDFE0C42-2BF6-4BE5-8CE1-DA4008C14E46}.Release|x64.Build.0 = Release|Any CPU
		{FDFE0C42-2BF6-4BE5-8CE1-DA4008C14E46}.Release|x86.ActiveCfg = Release|Any CPU
		{FDFE0C42-2BF6-4BE5-8CE1-DA4008C14E46}.Release|x86.Build.0 = Release|Any CPU
		{3BE43B05-083B-4DB1-853E-B93FB0002B32}.Debug|Any CPU.ActiveCfg = Debug|Any CPU
		{3BE43B05-083B-4DB1-853E-B93FB0002B32}.Debug|Any CPU.Build.0 = Debug|Any CPU
		{3BE43B05-083B-4DB1-853E-B93FB0002B32}.Debug|x64.ActiveCfg = Debug|Any CPU
		{3BE43B05-083B-4DB1-853E-B93FB0002B32}.Debug|x64.Build.0 = Debug|Any CPU
		{3BE43B05-083B-4DB1-853E-B93FB0002B32}.Debug|x86.ActiveCfg = Debug|Any CPU
		{3BE43B05-083B-4DB1-853E-B93FB0002B32}.Debug|x86.Build.0 = Debug|Any CPU
		{3BE43B05-083B-4DB1-853E-B93FB0002B32}.Release|Any CPU.ActiveCfg = Release|Any CPU
		{3BE43B05-083B-4DB1-853E-B93FB0002B32}.Release|Any CPU.Build.0 = Release|Any CPU
		{3BE43B05-083B-4DB1-853E-B93FB0002B32}.Release|x64.ActiveCfg = Release|Any CPU
		{3BE43B05-083B-4DB1-853E-B93FB0002B32}.Release|x64.Build.0 = Release|Any CPU
		{3BE43B05-083B-4DB1-853E-B93FB0002B32}.Release|x86.ActiveCfg = Release|Any CPU
		{3BE43B05-083B-4DB1-853E-B93FB0002B32}.Release|x86.Build.0 = Release|Any CPU
	EndGlobalSection
	GlobalSection(SolutionProperties) = preSolution
		HideSolutionNode = FALSE
	EndGlobalSection
	GlobalSection(NestedProjects) = preSolution
		{CDB40E75-8C51-4C9A-9B87-01FF02095A55} = {827E0CD3-B72D-47B6-A68D-7590B98EB39B}
		{FDFE0C42-2BF6-4BE5-8CE1-DA4008C14E46} = {827E0CD3-B72D-47B6-A68D-7590B98EB39B}
		{3BE43B05-083B-4DB1-853E-B93FB0002B32} = {827E0CD3-B72D-47B6-A68D-7590B98EB39B}
	EndGlobalSection
	GlobalSection(ExtensibilityGlobals) = postSolution
		SolutionGuid = {85743454-9708-4FBB-A834-DE12E7E680F7}
	EndGlobalSection
EndGlobal
